// !$*UTF8*$!
{
	archiveVersion = 1;
	classes = {
	};
	objectVersion = 50;
	objects = {

/* Begin PBXBuildFile section */
		847BA8522122804600898290 /* AppDelegate.swift in Sources */ = {isa = PBXBuildFile; fileRef = 847BA8512122804600898290 /* AppDelegate.swift */; };
		847BA8542122804600898290 /* ViewController.swift in Sources */ = {isa = PBXBuildFile; fileRef = 847BA8532122804600898290 /* ViewController.swift */; };
		847BA8572122804600898290 /* Main.storyboard in Resources */ = {isa = PBXBuildFile; fileRef = 847BA8552122804600898290 /* Main.storyboard */; };
		847BA8592122804800898290 /* Assets.xcassets in Resources */ = {isa = PBXBuildFile; fileRef = 847BA8582122804800898290 /* Assets.xcassets */; };
		847BA85C2122804800898290 /* LaunchScreen.storyboard in Resources */ = {isa = PBXBuildFile; fileRef = 847BA85A2122804800898290 /* LaunchScreen.storyboard */; };
		847BA8672122804800898290 /* smallSampleTests.swift in Sources */ = {isa = PBXBuildFile; fileRef = 847BA8662122804800898290 /* smallSampleTests.swift */; };
		847BA8722122804800898290 /* smallSampleUITests.swift in Sources */ = {isa = PBXBuildFile; fileRef = 847BA8712122804800898290 /* smallSampleUITests.swift */; };
/* End PBXBuildFile section */

/* Begin PBXContainerItemProxy section */
		847BA8632122804800898290 /* PBXContainerItemProxy */ = {
			isa = PBXContainerItemProxy;
			containerPortal = 847BA8462122804600898290 /* Project object */;
			proxyType = 1;
			remoteGlobalIDString = 847BA84D2122804600898290;
			remoteInfo = smallSample;
		};
		847BA86E2122804800898290 /* PBXContainerItemProxy */ = {
			isa = PBXContainerItemProxy;
			containerPortal = 847BA8462122804600898290 /* Project object */;
			proxyType = 1;
			remoteGlobalIDString = 847BA84D2122804600898290;
			remoteInfo = smallSample;
		};
/* End PBXContainerItemProxy section */

/* Begin PBXFileReference section */
		847BA84E2122804600898290 /* smallSample.app */ = {isa = PBXFileReference; explicitFileType = wrapper.application; includeInIndex = 0; path = smallSample.app; sourceTree = BUILT_PRODUCTS_DIR; };
		847BA8512122804600898290 /* AppDelegate.swift */ = {isa = PBXFileReference; lastKnownFileType = sourcecode.swift; path = AppDelegate.swift; sourceTree = "<group>"; };
		847BA8532122804600898290 /* ViewController.swift */ = {isa = PBXFileReference; lastKnownFileType = sourcecode.swift; path = ViewController.swift; sourceTree = "<group>"; };
		847BA8562122804600898290 /* Base */ = {isa = PBXFileReference; lastKnownFileType = file.storyboard; name = Base; path = Base.lproj/Main.storyboard; sourceTree = "<group>"; };
		847BA8582122804800898290 /* Assets.xcassets */ = {isa = PBXFileReference; lastKnownFileType = folder.assetcatalog; path = Assets.xcassets; sourceTree = "<group>"; };
		847BA85B2122804800898290 /* Base */ = {isa = PBXFileReference; lastKnownFileType = file.storyboard; name = Base; path = Base.lproj/LaunchScreen.storyboard; sourceTree = "<group>"; };
		847BA85D2122804800898290 /* Info.plist */ = {isa = PBXFileReference; lastKnownFileType = text.plist.xml; path = Info.plist; sourceTree = "<group>"; };
		847BA8622122804800898290 /* smallSampleTests.xctest */ = {isa = PBXFileReference; explicitFileType = wrapper.cfbundle; includeInIndex = 0; path = smallSampleTests.xctest; sourceTree = BUILT_PRODUCTS_DIR; };
		847BA8662122804800898290 /* smallSampleTests.swift */ = {isa = PBXFileReference; lastKnownFileType = sourcecode.swift; path = smallSampleTests.swift; sourceTree = "<group>"; };
		847BA8682122804800898290 /* Info.plist */ = {isa = PBXFileReference; lastKnownFileType = text.plist.xml; path = Info.plist; sourceTree = "<group>"; };
		847BA86D2122804800898290 /* smallSampleUITests.xctest */ = {isa = PBXFileReference; explicitFileType = wrapper.cfbundle; includeInIndex = 0; path = smallSampleUITests.xctest; sourceTree = BUILT_PRODUCTS_DIR; };
		847BA8712122804800898290 /* smallSampleUITests.swift */ = {isa = PBXFileReference; lastKnownFileType = sourcecode.swift; path = smallSampleUITests.swift; sourceTree = "<group>"; };
		847BA8732122804800898290 /* Info.plist */ = {isa = PBXFileReference; lastKnownFileType = text.plist.xml; path = Info.plist; sourceTree = "<group>"; };
/* End PBXFileReference section */

/* Begin PBXFrameworksBuildPhase section */
		847BA84B2122804600898290 /* Frameworks */ = {
			isa = PBXFrameworksBuildPhase;
			buildActionMask = 2147483647;
			files = (
			);
			runOnlyForDeploymentPostprocessing = 0;
		};
		847BA85F2122804800898290 /* Frameworks */ = {
			isa = PBXFrameworksBuildPhase;
			buildActionMask = 2147483647;
			files = (
			);
			runOnlyForDeploymentPostprocessing = 0;
		};
		847BA86A2122804800898290 /* Frameworks */ = {
			isa = PBXFrameworksBuildPhase;
			buildActionMask = 2147483647;
			files = (
			);
			runOnlyForDeploymentPostprocessing = 0;
		};
/* End PBXFrameworksBuildPhase section */

/* Begin PBXGroup section */
		847BA8452122804600898290 = {
			isa = PBXGroup;
			children = (
				847BA8502122804600898290 /* smallSample */,
				847BA8652122804800898290 /* smallSampleTests */,
				847BA8702122804800898290 /* smallSampleUITests */,
				847BA84F2122804600898290 /* Products */,
			);
			sourceTree = "<group>";
		};
		847BA84F2122804600898290 /* Products */ = {
			isa = PBXGroup;
			children = (
				847BA84E2122804600898290 /* smallSample.app */,
				847BA8622122804800898290 /* smallSampleTests.xctest */,
				847BA86D2122804800898290 /* smallSampleUITests.xctest */,
			);
			name = Products;
			sourceTree = "<group>";
		};
		847BA8502122804600898290 /* smallSample */ = {
			isa = PBXGroup;
			children = (
				847BA8512122804600898290 /* AppDelegate.swift */,
				847BA8532122804600898290 /* ViewController.swift */,
				847BA8552122804600898290 /* Main.storyboard */,
				847BA8582122804800898290 /* Assets.xcassets */,
				847BA85A2122804800898290 /* LaunchScreen.storyboard */,
				847BA85D2122804800898290 /* Info.plist */,
			);
			path = smallSample;
			sourceTree = "<group>";
		};
		847BA8652122804800898290 /* smallSampleTests */ = {
			isa = PBXGroup;
			children = (
				847BA8662122804800898290 /* smallSampleTests.swift */,
				847BA8682122804800898290 /* Info.plist */,
			);
			path = smallSampleTests;
			sourceTree = "<group>";
		};
		847BA8702122804800898290 /* smallSampleUITests */ = {
			isa = PBXGroup;
			children = (
				847BA8712122804800898290 /* smallSampleUITests.swift */,
				847BA8732122804800898290 /* Info.plist */,
			);
			path = smallSampleUITests;
			sourceTree = "<group>";
		};
/* End PBXGroup section */

/* Begin PBXNativeTarget section */
		847BA84D2122804600898290 /* smallSample */ = {
			isa = PBXNativeTarget;
			buildConfigurationList = 847BA8762122804800898290 /* Build configuration list for PBXNativeTarget "smallSample" */;
			buildPhases = (
				847BA84A2122804600898290 /* Sources */,
				847BA84B2122804600898290 /* Frameworks */,
				847BA84C2122804600898290 /* Resources */,
			);
			buildRules = (
			);
			dependencies = (
			);
			name = smallSample;
			productName = smallSample;
			productReference = 847BA84E2122804600898290 /* smallSample.app */;
			productType = "com.apple.product-type.application";
		};
		847BA8612122804800898290 /* smallSampleTests */ = {
			isa = PBXNativeTarget;
			buildConfigurationList = 847BA8792122804800898290 /* Build configuration list for PBXNativeTarget "smallSampleTests" */;
			buildPhases = (
				847BA85E2122804800898290 /* Sources */,
				847BA85F2122804800898290 /* Frameworks */,
				847BA8602122804800898290 /* Resources */,
			);
			buildRules = (
			);
			dependencies = (
				847BA8642122804800898290 /* PBXTargetDependency */,
			);
			name = smallSampleTests;
			productName = smallSampleTests;
			productReference = 847BA8622122804800898290 /* smallSampleTests.xctest */;
			productType = "com.apple.product-type.bundle.unit-test";
		};
		847BA86C2122804800898290 /* smallSampleUITests */ = {
			isa = PBXNativeTarget;
			buildConfigurationList = 847BA87C2122804800898290 /* Build configuration list for PBXNativeTarget "smallSampleUITests" */;
			buildPhases = (
				847BA8692122804800898290 /* Sources */,
				847BA86A2122804800898290 /* Frameworks */,
				847BA86B2122804800898290 /* Resources */,
			);
			buildRules = (
			);
			dependencies = (
				847BA86F2122804800898290 /* PBXTargetDependency */,
			);
			name = smallSampleUITests;
			productName = smallSampleUITests;
			productReference = 847BA86D2122804800898290 /* smallSampleUITests.xctest */;
			productType = "com.apple.product-type.bundle.ui-testing";
		};
/* End PBXNativeTarget section */

/* Begin PBXProject section */
		847BA8462122804600898290 /* Project object */ = {
			isa = PBXProject;
			attributes = {
				LastSwiftUpdateCheck = 0940;
				LastUpgradeCheck = 0940;
				ORGANIZATIONNAME = sachiko;
				TargetAttributes = {
					847BA84D2122804600898290 = {
						CreatedOnToolsVersion = 9.4.1;
					};
					847BA8612122804800898290 = {
						CreatedOnToolsVersion = 9.4.1;
						TestTargetID = 847BA84D2122804600898290;
					};
					847BA86C2122804800898290 = {
						CreatedOnToolsVersion = 9.4.1;
						TestTargetID = 847BA84D2122804600898290;
					};
				};
			};
			buildConfigurationList = 847BA8492122804600898290 /* Build configuration list for PBXProject "smallSample" */;
			compatibilityVersion = "Xcode 9.3";
			developmentRegion = en;
			hasScannedForEncodings = 0;
			knownRegions = (
				en,
				Base,
			);
			mainGroup = 847BA8452122804600898290;
			productRefGroup = 847BA84F2122804600898290 /* Products */;
			projectDirPath = "";
			projectRoot = "";
			targets = (
				847BA84D2122804600898290 /* smallSample */,
				847BA8612122804800898290 /* smallSampleTests */,
				847BA86C2122804800898290 /* smallSampleUITests */,
			);
		};
/* End PBXProject section */

/* Begin PBXResourcesBuildPhase section */
		847BA84C2122804600898290 /* Resources */ = {
			isa = PBXResourcesBuildPhase;
			buildActionMask = 2147483647;
			files = (
				847BA85C2122804800898290 /* LaunchScreen.storyboard in Resources */,
				847BA8592122804800898290 /* Assets.xcassets in Resources */,
				847BA8572122804600898290 /* Main.storyboard in Resources */,
			);
			runOnlyForDeploymentPostprocessing = 0;
		};
		847BA8602122804800898290 /* Resources */ = {
			isa = PBXResourcesBuildPhase;
			buildActionMask = 2147483647;
			files = (
			);
			runOnlyForDeploymentPostprocessing = 0;
		};
		847BA86B2122804800898290 /* Resources */ = {
			isa = PBXResourcesBuildPhase;
			buildActionMask = 2147483647;
			files = (
			);
			runOnlyForDeploymentPostprocessing = 0;
		};
/* End PBXResourcesBuildPhase section */

/* Begin PBXSourcesBuildPhase section */
		847BA84A2122804600898290 /* Sources */ = {
			isa = PBXSourcesBuildPhase;
			buildActionMask = 2147483647;
			files = (
				847BA8542122804600898290 /* ViewController.swift in Sources */,
				847BA8522122804600898290 /* AppDelegate.swift in Sources */,
			);
			runOnlyForDeploymentPostprocessing = 0;
		};
		847BA85E2122804800898290 /* Sources */ = {
			isa = PBXSourcesBuildPhase;
			buildActionMask = 2147483647;
			files = (
				847BA8672122804800898290 /* smallSampleTests.swift in Sources */,
			);
			runOnlyForDeploymentPostprocessing = 0;
		};
		847BA8692122804800898290 /* Sources */ = {
			isa = PBXSourcesBuildPhase;
			buildActionMask = 2147483647;
			files = (
				847BA8722122804800898290 /* smallSampleUITests.swift in Sources */,
			);
			runOnlyForDeploymentPostprocessing = 0;
		};
/* End PBXSourcesBuildPhase section */

/* Begin PBXTargetDependency section */
		847BA8642122804800898290 /* PBXTargetDependency */ = {
			isa = PBXTargetDependency;
			target = 847BA84D2122804600898290 /* smallSample */;
			targetProxy = 847BA8632122804800898290 /* PBXContainerItemProxy */;
		};
		847BA86F2122804800898290 /* PBXTargetDependency */ = {
			isa = PBXTargetDependency;
			target = 847BA84D2122804600898290 /* smallSample */;
			targetProxy = 847BA86E2122804800898290 /* PBXContainerItemProxy */;
		};
/* End PBXTargetDependency section */

/* Begin PBXVariantGroup section */
		847BA8552122804600898290 /* Main.storyboard */ = {
			isa = PBXVariantGroup;
			children = (
				847BA8562122804600898290 /* Base */,
			);
			name = Main.storyboard;
			sourceTree = "<group>";
		};
		847BA85A2122804800898290 /* LaunchScreen.storyboard */ = {
			isa = PBXVariantGroup;
			children = (
				847BA85B2122804800898290 /* Base */,
			);
			name = LaunchScreen.storyboard;
			sourceTree = "<group>";
		};
/* End PBXVariantGroup section */

/* Begin XCBuildConfiguration section */
		847BA8742122804800898290 /* Debug */ = {
			isa = XCBuildConfiguration;
			buildSettings = {
				ALWAYS_SEARCH_USER_PATHS = NO;
				CLANG_ANALYZER_NONNULL = YES;
				CLANG_ANALYZER_NUMBER_OBJECT_CONVERSION = YES_AGGRESSIVE;
				CLANG_CXX_LANGUAGE_STANDARD = "gnu++14";
				CLANG_CXX_LIBRARY = "libc++";
				CLANG_ENABLE_MODULES = YES;
				CLANG_ENABLE_OBJC_ARC = YES;
				CLANG_ENABLE_OBJC_WEAK = YES;
				CLANG_WARN_BLOCK_CAPTURE_AUTORELEASING = YES;
				CLANG_WARN_BOOL_CONVERSION = YES;
				CLANG_WARN_COMMA = YES;
				CLANG_WARN_CONSTANT_CONVERSION = YES;
				CLANG_WARN_DEPRECATED_OBJC_IMPLEMENTATIONS = YES;
				CLANG_WARN_DIRECT_OBJC_ISA_USAGE = YES_ERROR;
				CLANG_WARN_DOCUMENTATION_COMMENTS = YES;
				CLANG_WARN_EMPTY_BODY = YES;
				CLANG_WARN_ENUM_CONVERSION = YES;
				CLANG_WARN_INFINITE_RECURSION = YES;
				CLANG_WARN_INT_CONVERSION = YES;
				CLANG_WARN_NON_LITERAL_NULL_CONVERSION = YES;
				CLANG_WARN_OBJC_IMPLICIT_RETAIN_SELF = YES;
				CLANG_WARN_OBJC_LITERAL_CONVERSION = YES;
				CLANG_WARN_OBJC_ROOT_CLASS = YES_ERROR;
				CLANG_WARN_RANGE_LOOP_ANALYSIS = YES;
				CLANG_WARN_STRICT_PROTOTYPES = YES;
				CLANG_WARN_SUSPICIOUS_MOVE = YES;
				CLANG_WARN_UNGUARDED_AVAILABILITY = YES_AGGRESSIVE;
				CLANG_WARN_UNREACHABLE_CODE = YES;
				CLANG_WARN__DUPLICATE_METHOD_MATCH = YES;
				CODE_SIGN_IDENTITY = "iPhone Developer";
				COPY_PHASE_STRIP = NO;
				DEBUG_INFORMATION_FORMAT = dwarf;
				ENABLE_STRICT_OBJC_MSGSEND = YES;
				ENABLE_TESTABILITY = YES;
				GCC_C_LANGUAGE_STANDARD = gnu11;
				GCC_DYNAMIC_NO_PIC = NO;
				GCC_NO_COMMON_BLOCKS = YES;
				GCC_OPTIMIZATION_LEVEL = 0;
				GCC_PREPROCESSOR_DEFINITIONS = (
					"DEBUG=1",
					"$(inherited)",
				);
				GCC_WARN_64_TO_32_BIT_CONVERSION = YES;
				GCC_WARN_ABOUT_RETURN_TYPE = YES_ERROR;
				GCC_WARN_UNDECLARED_SELECTOR = YES;
				GCC_WARN_UNINITIALIZED_AUTOS = YES_AGGRESSIVE;
				GCC_WARN_UNUSED_FUNCTION = YES;
				GCC_WARN_UNUSED_VARIABLE = YES;
				IPHONEOS_DEPLOYMENT_TARGET = 11.4;
				MTL_ENABLE_DEBUG_INFO = YES;
				ONLY_ACTIVE_ARCH = YES;
				SDKROOT = iphoneos;
				SWIFT_ACTIVE_COMPILATION_CONDITIONS = DEBUG;
				SWIFT_OPTIMIZATION_LEVEL = "-Onone";
			};
			name = Debug;
		};
		847BA8752122804800898290 /* Release */ = {
			isa = XCBuildConfiguration;
			buildSettings = {
				ALWAYS_SEARCH_USER_PATHS = NO;
				CLANG_ANALYZER_NONNULL = YES;
				CLANG_ANALYZER_NUMBER_OBJECT_CONVERSION = YES_AGGRESSIVE;
				CLANG_CXX_LANGUAGE_STANDARD = "gnu++14";
				CLANG_CXX_LIBRARY = "libc++";
				CLANG_ENABLE_MODULES = YES;
				CLANG_ENABLE_OBJC_ARC = YES;
				CLANG_ENABLE_OBJC_WEAK = YES;
				CLANG_WARN_BLOCK_CAPTURE_AUTORELEASING = YES;
				CLANG_WARN_BOOL_CONVERSION = YES;
				CLANG_WARN_COMMA = YES;
				CLANG_WARN_CONSTANT_CONVERSION = YES;
				CLANG_WARN_DEPRECATED_OBJC_IMPLEMENTATIONS = YES;
				CLANG_WARN_DIRECT_OBJC_ISA_USAGE = YES_ERROR;
				CLANG_WARN_DOCUMENTATION_COMMENTS = YES;
				CLANG_WARN_EMPTY_BODY = YES;
				CLANG_WARN_ENUM_CONVERSION = YES;
				CLANG_WARN_INFINITE_RECURSION = YES;
				CLANG_WARN_INT_CONVERSION = YES;
				CLANG_WARN_NON_LITERAL_NULL_CONVERSION = YES;
				CLANG_WARN_OBJC_IMPLICIT_RETAIN_SELF = YES;
				CLANG_WARN_OBJC_LITERAL_CONVERSION = YES;
				CLANG_WARN_OBJC_ROOT_CLASS = YES_ERROR;
				CLANG_WARN_RANGE_LOOP_ANALYSIS = YES;
				CLANG_WARN_STRICT_PROTOTYPES = YES;
				CLANG_WARN_SUSPICIOUS_MOVE = YES;
				CLANG_WARN_UNGUARDED_AVAILABILITY = YES_AGGRESSIVE;
				CLANG_WARN_UNREACHABLE_CODE = YES;
				CLANG_WARN__DUPLICATE_METHOD_MATCH = YES;
				CODE_SIGN_IDENTITY = "iPhone Developer";
				COPY_PHASE_STRIP = NO;
				DEBUG_INFORMATION_FORMAT = "dwarf-with-dsym";
				ENABLE_NS_ASSERTIONS = NO;
				ENABLE_STRICT_OBJC_MSGSEND = YES;
				GCC_C_LANGUAGE_STANDARD = gnu11;
				GCC_NO_COMMON_BLOCKS = YES;
				GCC_WARN_64_TO_32_BIT_CONVERSION = YES;
				GCC_WARN_ABOUT_RETURN_TYPE = YES_ERROR;
				GCC_WARN_UNDECLARED_SELECTOR = YES;
				GCC_WARN_UNINITIALIZED_AUTOS = YES_AGGRESSIVE;
				GCC_WARN_UNUSED_FUNCTION = YES;
				GCC_WARN_UNUSED_VARIABLE = YES;
				IPHONEOS_DEPLOYMENT_TARGET = 11.4;
				MTL_ENABLE_DEBUG_INFO = NO;
				SDKROOT = iphoneos;
				SWIFT_COMPILATION_MODE = wholemodule;
				SWIFT_OPTIMIZATION_LEVEL = "-O";
				VALIDATE_PRODUCT = YES;
			};
			name = Release;
		};
		847BA8772122804800898290 /* Debug */ = {
			isa = XCBuildConfiguration;
			buildSettings = {
				ASSETCATALOG_COMPILER_APPICON_NAME = AppIcon;
				CODE_SIGN_STYLE = Automatic;
				DEVELOPMENT_TEAM = 5BS3A226T4;
				INFOPLIST_FILE = smallSample/Info.plist;
				LD_RUNPATH_SEARCH_PATHS = (
					"$(inherited)",
					"@executable_path/Frameworks",
				);
				PRODUCT_BUNDLE_IDENTIFIER = com.sachiko.smallSample;
				PRODUCT_NAME = "$(TARGET_NAME)";
				SWIFT_VERSION = 4.0;
				TARGETED_DEVICE_FAMILY = "1,2";
			};
			name = Debug;
		};
		847BA8782122804800898290 /* Release */ = {
			isa = XCBuildConfiguration;
			buildSettings = {
				ASSETCATALOG_COMPILER_APPICON_NAME = AppIcon;
				CODE_SIGN_STYLE = Automatic;
				DEVELOPMENT_TEAM = 5BS3A226T4;
				INFOPLIST_FILE = smallSample/Info.plist;
				LD_RUNPATH_SEARCH_PATHS = (
					"$(inherited)",
					"@executable_path/Frameworks",
				);
				PRODUCT_BUNDLE_IDENTIFIER = com.sachiko.smallSample;
				PRODUCT_NAME = "$(TARGET_NAME)";
				SWIFT_VERSION = 4.0;
				TARGETED_DEVICE_FAMILY = "1,2";
			};
			name = Release;
		};
		847BA87A2122804800898290 /* Debug */ = {
			isa = XCBuildConfiguration;
			buildSettings = {
				ALWAYS_EMBED_SWIFT_STANDARD_LIBRARIES = YES;
				BUNDLE_LOADER = "$(TEST_HOST)";
				CODE_SIGN_STYLE = Automatic;
				DEVELOPMENT_TEAM = 5BS3A226T4;
				INFOPLIST_FILE = smallSampleTests/Info.plist;
				LD_RUNPATH_SEARCH_PATHS = (
					"$(inherited)",
					"@executable_path/Frameworks",
					"@loader_path/Frameworks",
				);
				PRODUCT_BUNDLE_IDENTIFIER = com.sachiko.smallSampleTests;
				PRODUCT_NAME = "$(TARGET_NAME)";
				SWIFT_VERSION = 4.0;
				TARGETED_DEVICE_FAMILY = "1,2";
				TEST_HOST = "$(BUILT_PRODUCTS_DIR)/smallSample.app/smallSample";
			};
			name = Debug;
		};
		847BA87B2122804800898290 /* Release */ = {
			isa = XCBuildConfiguration;
			buildSettings = {
				ALWAYS_EMBED_SWIFT_STANDARD_LIBRARIES = YES;
				BUNDLE_LOADER = "$(TEST_HOST)";
				CODE_SIGN_STYLE = Automatic;
				DEVELOPMENT_TEAM = 5BS3A226T4;
				INFOPLIST_FILE = smallSampleTests/Info.plist;
				LD_RUNPATH_SEARCH_PATHS = (
					"$(inherited)",
					"@executable_path/Frameworks",
					"@loader_path/Frameworks",
				);
				PRODUCT_BUNDLE_IDENTIFIER = com.sachiko.smallSampleTests;
				PRODUCT_NAME = "$(TARGET_NAME)";
				SWIFT_VERSION = 4.0;
				TARGETED_DEVICE_FAMILY = "1,2";
				TEST_HOST = "$(BUILT_PRODUCTS_DIR)/smallSample.app/smallSample";
			};
			name = Release;
		};
		847BA87D2122804800898290 /* Debug */ = {
			isa = XCBuildConfiguration;
			buildSettings = {
				ALWAYS_EMBED_SWIFT_STANDARD_LIBRARIES = YES;
				CODE_SIGN_STYLE = Automatic;
				DEVELOPMENT_TEAM = 5BS3A226T4;
				INFOPLIST_FILE = smallSampleUITests/Info.plist;
				LD_RUNPATH_SEARCH_PATHS = (
					"$(inherited)",
					"@executable_path/Frameworks",
					"@loader_path/Frameworks",
				);
				PRODUCT_BUNDLE_IDENTIFIER = com.sachiko.smallSampleUITests;
				PRODUCT_NAME = "$(TARGET_NAME)";
				SWIFT_VERSION = 4.0;
				TARGETED_DEVICE_FAMILY = "1,2";
				TEST_TARGET_NAME = smallSample;
			};
			name = Debug;
		};
		847BA87E2122804800898290 /* Release */ = {
			isa = XCBuildConfiguration;
			buildSettings = {
				ALWAYS_EMBED_SWIFT_STANDARD_LIBRARIES = YES;
				CODE_SIGN_STYLE = Automatic;
				DEVELOPMENT_TEAM = 5BS3A226T4;
				INFOPLIST_FILE = smallSampleUITests/Info.plist;
				LD_RUNPATH_SEARCH_PATHS = (
					"$(inherited)",
					"@executable_path/Frameworks",
					"@loader_path/Frameworks",
				);
				PRODUCT_BUNDLE_IDENTIFIER = com.sachiko.smallSampleUITests;
				PRODUCT_NAME = "$(TARGET_NAME)";
				SWIFT_VERSION = 4.0;
				TARGETED_DEVICE_FAMILY = "1,2";
				TEST_TARGET_NAME = smallSample;
			};
			name = Release;
		};
/* End XCBuildConfiguration section */

/* Begin XCConfigurationList section */
		847BA8492122804600898290 /* Build configuration list for PBXProject "smallSample" */ = {
			isa = XCConfigurationList;
			buildConfigurations = (
				847BA8742122804800898290 /* Debug */,
				847BA8752122804800898290 /* Release */,
			);
			defaultConfigurationIsVisible = 0;
			defaultConfigurationName = Release;
		};
		847BA8762122804800898290 /* Build configuration list for PBXNativeTarget "smallSample" */ = {
			isa = XCConfigurationList;
			buildConfigurations = (
				847BA8772122804800898290 /* Debug */,
				847BA8782122804800898290 /* Release */,
			);
			defaultConfigurationIsVisible = 0;
			defaultConfigurationName = Release;
		};
		847BA8792122804800898290 /* Build configuration list for PBXNativeTarget "smallSampleTests" */ = {
			isa = XCConfigurationList;
			buildConfigurations = (
				847BA87A2122804800898290 /* Debug */,
				847BA87B2122804800898290 /* Release */,
			);
			defaultConfigurationIsVisible = 0;
			defaultConfigurationName = Release;
		};
		847BA87C2122804800898290 /* Build configuration list for PBXNativeTarget "smallSampleUITests" */ = {
			isa = XCConfigurationList;
			buildConfigurations = (
				847BA87D2122804800898290 /* Debug */,
				847BA87E2122804800898290 /* Release */,
			);
			defaultConfigurationIsVisible = 0;
			defaultConfigurationName = Release;
		};
/* End XCConfigurationList section */
	};
	rootObject = 847BA8462122804600898290 /* Project object */;
}
